// !$*UTF8*$!
{
	archiveVersion = 1;
	classes = {
	};
	objectVersion = 46;
	objects = {

/* Begin PBXBuildFile section */
		2F474B711F39583900E6940E /* CoinExchangeNetworkEngine.m in Sources */ = {isa = PBXBuildFile; fileRef = 2F474B701F39583900E6940E /* CoinExchangeNetworkEngine.m */; };
		2F77B5C91F3D9EB3003D0FFD /* README in Resources */ = {isa = PBXBuildFile; fileRef = 2F77B5C81F3D9EB3003D0FFD /* README */; };
		2FC5EE151F3938B0004E814D /* CoinExchangeDataEngine.m in Sources */ = {isa = PBXBuildFile; fileRef = 2FC5EE141F3938B0004E814D /* CoinExchangeDataEngine.m */; };
		2FEFA8C51F3E2E28005EE208 /* Main2.storyboard in Resources */ = {isa = PBXBuildFile; fileRef = 2FEFA8C31F3E2E28005EE208 /* Main2.storyboard */; };
		98479D081F3C48CA00E0DB83 /* CoinExchangeDataEngine.m in Sources */ = {isa = PBXBuildFile; fileRef = 2FC5EE141F3938B0004E814D /* CoinExchangeDataEngine.m */; };
		98479D091F3C48E200E0DB83 /* CoinExchangeNetworkEngine.m in Sources */ = {isa = PBXBuildFile; fileRef = 2F474B701F39583900E6940E /* CoinExchangeNetworkEngine.m */; };
		98763A541F359D1500D9AC59 /* main.m in Sources */ = {isa = PBXBuildFile; fileRef = 98763A531F359D1500D9AC59 /* main.m */; };
		98763A571F359D1500D9AC59 /* AppDelegate.m in Sources */ = {isa = PBXBuildFile; fileRef = 98763A561F359D1500D9AC59 /* AppDelegate.m */; };
		98763A5A1F359D1500D9AC59 /* ViewController.m in Sources */ = {isa = PBXBuildFile; fileRef = 98763A591F359D1500D9AC59 /* ViewController.m */; };
		98763A5D1F359D1500D9AC59 /* Main.storyboard in Resources */ = {isa = PBXBuildFile; fileRef = 98763A5B1F359D1500D9AC59 /* Main.storyboard */; };
		98763A5F1F359D1500D9AC59 /* Assets.xcassets in Resources */ = {isa = PBXBuildFile; fileRef = 98763A5E1F359D1500D9AC59 /* Assets.xcassets */; };
		98763A621F359D1500D9AC59 /* LaunchScreen.storyboard in Resources */ = {isa = PBXBuildFile; fileRef = 98763A601F359D1500D9AC59 /* LaunchScreen.storyboard */; };
		98763A6D1F359D1500D9AC59 /* CoinExchangeTests.m in Sources */ = {isa = PBXBuildFile; fileRef = 98763A6C1F359D1500D9AC59 /* CoinExchangeTests.m */; };
/* End PBXBuildFile section */

/* Begin PBXContainerItemProxy section */
		98763A691F359D1500D9AC59 /* PBXContainerItemProxy */ = {
			isa = PBXContainerItemProxy;
			containerPortal = 98763A471F359D1500D9AC59 /* Project object */;
			proxyType = 1;
			remoteGlobalIDString = 98763A4E1F359D1500D9AC59;
			remoteInfo = CoinExchange;
		};
/* End PBXContainerItemProxy section */

/* Begin PBXFileReference section */
		2F474B6F1F39583900E6940E /* CoinExchangeNetworkEngine.h */ = {isa = PBXFileReference; fileEncoding = 4; lastKnownFileType = sourcecode.c.h; name = CoinExchangeNetworkEngine.h; path = CoinExchange/CoinExchangeNetworkEngine.h; sourceTree = SOURCE_ROOT; };
		2F474B701F39583900E6940E /* CoinExchangeNetworkEngine.m */ = {isa = PBXFileReference; fileEncoding = 4; lastKnownFileType = sourcecode.c.objc; name = CoinExchangeNetworkEngine.m; path = CoinExchange/CoinExchangeNetworkEngine.m; sourceTree = SOURCE_ROOT; };
		2F77B5C81F3D9EB3003D0FFD /* README */ = {isa = PBXFileReference; fileEncoding = 4; lastKnownFileType = text; path = README; sourceTree = "<group>"; };
		2FC5EE131F3938B0004E814D /* CoinExchangeDataEngine.h */ = {isa = PBXFileReference; lastKnownFileType = sourcecode.c.h; path = CoinExchangeDataEngine.h; sourceTree = "<group>"; };
		2FC5EE141F3938B0004E814D /* CoinExchangeDataEngine.m */ = {isa = PBXFileReference; lastKnownFileType = sourcecode.c.objc; path = CoinExchangeDataEngine.m; sourceTree = "<group>"; };
		2FEFA8C41F3E2E28005EE208 /* Base */ = {isa = PBXFileReference; lastKnownFileType = file.storyboard; name = Base; path = Base.lproj/Main2.storyboard; sourceTree = "<group>"; };
		98763A4F1F359D1500D9AC59 /* CoinExchange.app */ = {isa = PBXFileReference; explicitFileType = wrapper.application; includeInIndex = 0; path = CoinExchange.app; sourceTree = BUILT_PRODUCTS_DIR; };
		98763A531F359D1500D9AC59 /* main.m */ = {isa = PBXFileReference; lastKnownFileType = sourcecode.c.objc; path = main.m; sourceTree = "<group>"; };
		98763A551F359D1500D9AC59 /* AppDelegate.h */ = {isa = PBXFileReference; lastKnownFileType = sourcecode.c.h; path = AppDelegate.h; sourceTree = "<group>"; };
		98763A561F359D1500D9AC59 /* AppDelegate.m */ = {isa = PBXFileReference; lastKnownFileType = sourcecode.c.objc; path = AppDelegate.m; sourceTree = "<group>"; };
		98763A581F359D1500D9AC59 /* ViewController.h */ = {isa = PBXFileReference; lastKnownFileType = sourcecode.c.h; path = ViewController.h; sourceTree = "<group>"; };
		98763A591F359D1500D9AC59 /* ViewController.m */ = {isa = PBXFileReference; lastKnownFileType = sourcecode.c.objc; path = ViewController.m; sourceTree = "<group>"; };
		98763A5C1F359D1500D9AC59 /* Base */ = {isa = PBXFileReference; lastKnownFileType = file.storyboard; name = Base; path = Base.lproj/Main.storyboard; sourceTree = "<group>"; };
		98763A5E1F359D1500D9AC59 /* Assets.xcassets */ = {isa = PBXFileReference; lastKnownFileType = folder.assetcatalog; path = Assets.xcassets; sourceTree = "<group>"; };
		98763A611F359D1500D9AC59 /* Base */ = {isa = PBXFileReference; lastKnownFileType = file.storyboard; name = Base; path = Base.lproj/LaunchScreen.storyboard; sourceTree = "<group>"; };
		98763A631F359D1500D9AC59 /* Info.plist */ = {isa = PBXFileReference; lastKnownFileType = text.plist.xml; path = Info.plist; sourceTree = "<group>"; };
		98763A681F359D1500D9AC59 /* CoinExchangeTests.xctest */ = {isa = PBXFileReference; explicitFileType = wrapper.cfbundle; includeInIndex = 0; path = CoinExchangeTests.xctest; sourceTree = BUILT_PRODUCTS_DIR; };
		98763A6C1F359D1500D9AC59 /* CoinExchangeTests.m */ = {isa = PBXFileReference; lastKnownFileType = sourcecode.c.objc; path = CoinExchangeTests.m; sourceTree = "<group>"; };
		98763A6E1F359D1500D9AC59 /* Info.plist */ = {isa = PBXFileReference; lastKnownFileType = text.plist.xml; path = Info.plist; sourceTree = "<group>"; };
/* End PBXFileReference section */

/* Begin PBXFrameworksBuildPhase section */
		98763A4C1F359D1500D9AC59 /* Frameworks */ = {
			isa = PBXFrameworksBuildPhase;
			buildActionMask = 2147483647;
			files = (
			);
			runOnlyForDeploymentPostprocessing = 0;
		};
		98763A651F359D1500D9AC59 /* Frameworks */ = {
			isa = PBXFrameworksBuildPhase;
			buildActionMask = 2147483647;
			files = (
			);
			runOnlyForDeploymentPostprocessing = 0;
		};
/* End PBXFrameworksBuildPhase section */

/* Begin PBXGroup section */
		98763A461F359D1500D9AC59 = {
			isa = PBXGroup;
			children = (
				2F77B5C81F3D9EB3003D0FFD /* README */,
				98763A511F359D1500D9AC59 /* CoinExchange */,
				98763A6B1F359D1500D9AC59 /* CoinExchangeTests */,
				98763A501F359D1500D9AC59 /* Products */,
			);
			sourceTree = "<group>";
		};
		98763A501F359D1500D9AC59 /* Products */ = {
			isa = PBXGroup;
			children = (
				98763A4F1F359D1500D9AC59 /* CoinExchange.app */,
				98763A681F359D1500D9AC59 /* CoinExchangeTests.xctest */,
			);
			name = Products;
			sourceTree = "<group>";
		};
		98763A511F359D1500D9AC59 /* CoinExchange */ = {
			isa = PBXGroup;
			children = (
				98763A551F359D1500D9AC59 /* AppDelegate.h */,
				98763A561F359D1500D9AC59 /* AppDelegate.m */,
				98763A581F359D1500D9AC59 /* ViewController.h */,
				98763A591F359D1500D9AC59 /* ViewController.m */,
				98763A5B1F359D1500D9AC59 /* Main.storyboard */,
				2FEFA8C31F3E2E28005EE208 /* Main2.storyboard */,
				2FC5EE131F3938B0004E814D /* CoinExchangeDataEngine.h */,
				2FC5EE141F3938B0004E814D /* CoinExchangeDataEngine.m */,
				2F474B6F1F39583900E6940E /* CoinExchangeNetworkEngine.h */,
				2F474B701F39583900E6940E /* CoinExchangeNetworkEngine.m */,
				98763A5E1F359D1500D9AC59 /* Assets.xcassets */,
				98763A601F359D1500D9AC59 /* LaunchScreen.storyboard */,
				98763A631F359D1500D9AC59 /* Info.plist */,
				98763A521F359D1500D9AC59 /* Supporting Files */,
			);
			path = CoinExchange;
			sourceTree = "<group>";
		};
		98763A521F359D1500D9AC59 /* Supporting Files */ = {
			isa = PBXGroup;
			children = (
				98763A531F359D1500D9AC59 /* main.m */,
			);
			name = "Supporting Files";
			sourceTree = "<group>";
		};
		98763A6B1F359D1500D9AC59 /* CoinExchangeTests */ = {
			isa = PBXGroup;
			children = (
				98763A6C1F359D1500D9AC59 /* CoinExchangeTests.m */,
				98763A6E1F359D1500D9AC59 /* Info.plist */,
			);
			path = CoinExchangeTests;
			sourceTree = "<group>";
		};
/* End PBXGroup section */

/* Begin PBXNativeTarget section */
		98763A4E1F359D1500D9AC59 /* CoinExchange */ = {
			isa = PBXNativeTarget;
			buildConfigurationList = 98763A711F359D1500D9AC59 /* Build configuration list for PBXNativeTarget "CoinExchange" */;
			buildPhases = (
				98763A4B1F359D1500D9AC59 /* Sources */,
				98763A4C1F359D1500D9AC59 /* Frameworks */,
				98763A4D1F359D1500D9AC59 /* Resources */,
			);
			buildRules = (
			);
			dependencies = (
			);
			name = CoinExchange;
			productName = CoinExchange;
			productReference = 98763A4F1F359D1500D9AC59 /* CoinExchange.app */;
			productType = "com.apple.product-type.application";
		};
		98763A671F359D1500D9AC59 /* CoinExchangeTests */ = {
			isa = PBXNativeTarget;
			buildConfigurationList = 98763A741F359D1500D9AC59 /* Build configuration list for PBXNativeTarget "CoinExchangeTests" */;
			buildPhases = (
				98763A641F359D1500D9AC59 /* Sources */,
				98763A651F359D1500D9AC59 /* Frameworks */,
				98763A661F359D1500D9AC59 /* Resources */,
			);
			buildRules = (
			);
			dependencies = (
				98763A6A1F359D1500D9AC59 /* PBXTargetDependency */,
			);
			name = CoinExchangeTests;
			productName = CoinExchangeTests;
			productReference = 98763A681F359D1500D9AC59 /* CoinExchangeTests.xctest */;
			productType = "com.apple.product-type.bundle.unit-test";
		};
/* End PBXNativeTarget section */

/* Begin PBXProject section */
		98763A471F359D1500D9AC59 /* Project object */ = {
			isa = PBXProject;
			attributes = {
				LastUpgradeCheck = 0830;
				ORGANIZATIONNAME = BitsOnTheGo.com;
				TargetAttributes = {
					98763A4E1F359D1500D9AC59 = {
						CreatedOnToolsVersion = 8.3.2;
						DevelopmentTeam = FG8NNNY6FP;
						ProvisioningStyle = Automatic;
					};
					98763A671F359D1500D9AC59 = {
						CreatedOnToolsVersion = 8.3.2;
						DevelopmentTeam = FG8NNNY6FP;
						ProvisioningStyle = Automatic;
					};
				};
			};
			buildConfigurationList = 98763A4A1F359D1500D9AC59 /* Build configuration list for PBXProject "CoinExchange" */;
			compatibilityVersion = "Xcode 3.2";
			developmentRegion = English;
			hasScannedForEncodings = 0;
			knownRegions = (
				en,
				Base,
			);
			mainGroup = 98763A461F359D1500D9AC59;
			productRefGroup = 98763A501F359D1500D9AC59 /* Products */;
			projectDirPath = "";
			projectRoot = "";
			targets = (
				98763A4E1F359D1500D9AC59 /* CoinExchange */,
				98763A671F359D1500D9AC59 /* CoinExchangeTests */,
			);
		};
/* End PBXProject section */

/* Begin PBXResourcesBuildPhase section */
		98763A4D1F359D1500D9AC59 /* Resources */ = {
			isa = PBXResourcesBuildPhase;
			buildActionMask = 2147483647;
			files = (
				2F77B5C91F3D9EB3003D0FFD /* README in Resources */,
				98763A621F359D1500D9AC59 /* LaunchScreen.storyboard in Resources */,
				98763A5F1F359D1500D9AC59 /* Assets.xcassets in Resources */,
				2FEFA8C51F3E2E28005EE208 /* Main2.storyboard in Resources */,
				98763A5D1F359D1500D9AC59 /* Main.storyboard in Resources */,
			);
			runOnlyForDeploymentPostprocessing = 0;
		};
		98763A661F359D1500D9AC59 /* Resources */ = {
			isa = PBXResourcesBuildPhase;
			buildActionMask = 2147483647;
			files = (
			);
			runOnlyForDeploymentPostprocessing = 0;
		};
/* End PBXResourcesBuildPhase section */

/* Begin PBXSourcesBuildPhase section */
		98763A4B1F359D1500D9AC59 /* Sources */ = {
			isa = PBXSourcesBuildPhase;
			buildActionMask = 2147483647;
			files = (
				98763A5A1F359D1500D9AC59 /* ViewController.m in Sources */,
				98763A571F359D1500D9AC59 /* AppDelegate.m in Sources */,
				2F474B711F39583900E6940E /* CoinExchangeNetworkEngine.m in Sources */,
				98763A541F359D1500D9AC59 /* main.m in Sources */,
				2FC5EE151F3938B0004E814D /* CoinExchangeDataEngine.m in Sources */,
			);
			runOnlyForDeploymentPostprocessing = 0;
		};
		98763A641F359D1500D9AC59 /* Sources */ = {
			isa = PBXSourcesBuildPhase;
			buildActionMask = 2147483647;
			files = (
				98479D091F3C48E200E0DB83 /* CoinExchangeNetworkEngine.m in Sources */,
				98763A6D1F359D1500D9AC59 /* CoinExchangeTests.m in Sources */,
				98479D081F3C48CA00E0DB83 /* CoinExchangeDataEngine.m in Sources */,
			);
			runOnlyForDeploymentPostprocessing = 0;
		};
/* End PBXSourcesBuildPhase section */

/* Begin PBXTargetDependency section */
		98763A6A1F359D1500D9AC59 /* PBXTargetDependency */ = {
			isa = PBXTargetDependency;
			target = 98763A4E1F359D1500D9AC59 /* CoinExchange */;
			targetProxy = 98763A691F359D1500D9AC59 /* PBXContainerItemProxy */;
		};
/* End PBXTargetDependency section */

/* Begin PBXVariantGroup section */
		2FEFA8C31F3E2E28005EE208 /* Main2.storyboard */ = {
			isa = PBXVariantGroup;
			children = (
				2FEFA8C41F3E2E28005EE208 /* Base */,
			);
			name = Main2.storyboard;
			sourceTree = "<group>";
		};
		98763A5B1F359D1500D9AC59 /* Main.storyboard */ = {
			isa = PBXVariantGroup;
			children = (
				98763A5C1F359D1500D9AC59 /* Base */,
			);
			name = Main.storyboard;
			sourceTree = "<group>";
		};
		98763A601F359D1500D9AC59 /* LaunchScreen.storyboard */ = {
			isa = PBXVariantGroup;
			children = (
				98763A611F359D1500D9AC59 /* Base */,
			);
			name = LaunchScreen.storyboard;
			sourceTree = "<group>";
		};
/* End PBXVariantGroup section */

/* Begin XCBuildConfiguration section */
		98763A6F1F359D1500D9AC59 /* Debug */ = {
			isa = XCBuildConfiguration;
			buildSettings = {
				ALWAYS_SEARCH_USER_PATHS = NO;
				CLANG_ANALYZER_NONNULL = YES;
				CLANG_ANALYZER_NUMBER_OBJECT_CONVERSION = YES_AGGRESSIVE;
				CLANG_CXX_LANGUAGE_STANDARD = "gnu++0x";
				CLANG_CXX_LIBRARY = "libc++";
				CLANG_ENABLE_MODULES = YES;
				CLANG_ENABLE_OBJC_ARC = YES;
				CLANG_WARN_BOOL_CONVERSION = YES;
				CLANG_WARN_CONSTANT_CONVERSION = YES;
				CLANG_WARN_DIRECT_OBJC_ISA_USAGE = YES_ERROR;
				CLANG_WARN_DOCUMENTATION_COMMENTS = YES;
				CLANG_WARN_EMPTY_BODY = YES;
				CLANG_WARN_ENUM_CONVERSION = YES;
				CLANG_WARN_INFINITE_RECURSION = YES;
				CLANG_WARN_INT_CONVERSION = YES;
				CLANG_WARN_OBJC_ROOT_CLASS = YES_ERROR;
				CLANG_WARN_SUSPICIOUS_MOVE = YES;
				CLANG_WARN_UNREACHABLE_CODE = YES;
				CLANG_WARN__DUPLICATE_METHOD_MATCH = YES;
				"CODE_SIGN_IDENTITY[sdk=iphoneos*]" = "iPhone Developer";
				COPY_PHASE_STRIP = NO;
				DEBUG_INFORMATION_FORMAT = dwarf;
				ENABLE_STRICT_OBJC_MSGSEND = YES;
				ENABLE_TESTABILITY = YES;
				GCC_C_LANGUAGE_STANDARD = gnu99;
				GCC_DYNAMIC_NO_PIC = NO;
				GCC_NO_COMMON_BLOCKS = YES;
				GCC_OPTIMIZATION_LEVEL = 0;
				GCC_PREPROCESSOR_DEFINITIONS = (
					"DEBUG=1",
					"$(inherited)",
				);
				GCC_WARN_64_TO_32_BIT_CONVERSION = YES;
				GCC_WARN_ABOUT_RETURN_TYPE = YES_ERROR;
				GCC_WARN_UNDECLARED_SELECTOR = YES;
				GCC_WARN_UNINITIALIZED_AUTOS = YES_AGGRESSIVE;
				GCC_WARN_UNUSED_FUNCTION = YES;
				GCC_WARN_UNUSED_VARIABLE = YES;
				IPHONEOS_DEPLOYMENT_TARGET = 10.3;
				MTL_ENABLE_DEBUG_INFO = YES;
				ONLY_ACTIVE_ARCH = YES;
				SDKROOT = iphoneos;
				TARGETED_DEVICE_FAMILY = "1,2";
			};
			name = Debug;
		};
		98763A701F359D1500D9AC59 /* Release */ = {
			isa = XCBuildConfiguration;
			buildSettings = {
				ALWAYS_SEARCH_USER_PATHS = NO;
				CLANG_ANALYZER_NONNULL = YES;
				CLANG_ANALYZER_NUMBER_OBJECT_CONVERSION = YES_AGGRESSIVE;
				CLANG_CXX_LANGUAGE_STANDARD = "gnu++0x";
				CLANG_CXX_LIBRARY = "libc++";
				CLANG_ENABLE_MODULES = YES;
				CLANG_ENABLE_OBJC_ARC = YES;
				CLANG_WARN_BOOL_CONVERSION = YES;
				CLANG_WARN_CONSTANT_CONVERSION = YES;
				CLANG_WARN_DIRECT_OBJC_ISA_USAGE = YES_ERROR;
				CLANG_WARN_DOCUMENTATION_COMMENTS = YES;
				CLANG_WARN_EMPTY_BODY = YES;
				CLANG_WARN_ENUM_CONVERSION = YES;
				CLANG_WARN_INFINITE_RECURSION = YES;
				CLANG_WARN_INT_CONVERSION = YES;
				CLANG_WARN_OBJC_ROOT_CLASS = YES_ERROR;
				CLANG_WARN_SUSPICIOUS_MOVE = YES;
				CLANG_WARN_UNREACHABLE_CODE = YES;
				CLANG_WARN__DUPLICATE_METHOD_MATCH = YES;
				"CODE_SIGN_IDENTITY[sdk=iphoneos*]" = "iPhone Developer";
				COPY_PHASE_STRIP = NO;
				DEBUG_INFORMATION_FORMAT = "dwarf-with-dsym";
				ENABLE_NS_ASSERTIONS = NO;
				ENABLE_STRICT_OBJC_MSGSEND = YES;
				GCC_C_LANGUAGE_STANDARD = gnu99;
				GCC_NO_COMMON_BLOCKS = YES;
				GCC_WARN_64_TO_32_BIT_CONVERSION = YES;
				GCC_WARN_ABOUT_RETURN_TYPE = YES_ERROR;
				GCC_WARN_UNDECLARED_SELECTOR = YES;
				GCC_WARN_UNINITIALIZED_AUTOS = YES_AGGRESSIVE;
				GCC_WARN_UNUSED_FUNCTION = YES;
				GCC_WARN_UNUSED_VARIABLE = YES;
				IPHONEOS_DEPLOYMENT_TARGET = 10.3;
				MTL_ENABLE_DEBUG_INFO = NO;
				SDKROOT = iphoneos;
				TARGETED_DEVICE_FAMILY = "1,2";
				VALIDATE_PRODUCT = YES;
			};
			name = Release;
		};
		98763A721F359D1500D9AC59 /* Debug */ = {
			isa = XCBuildConfiguration;
			buildSettings = {
				ASSETCATALOG_COMPILER_APPICON_NAME = AppIcon;
				DEVELOPMENT_TEAM = FG8NNNY6FP;
				INFOPLIST_FILE = CoinExchange/Info.plist;
				LD_RUNPATH_SEARCH_PATHS = "$(inherited) @executable_path/Frameworks";
				PRODUCT_BUNDLE_IDENTIFIER = com.bitsonthego.1apps.CoinExchange;
				PRODUCT_NAME = "$(TARGET_NAME)";
			};
			name = Debug;
		};
		98763A731F359D1500D9AC59 /* Release */ = {
			isa = XCBuildConfiguration;
			buildSettings = {
				ASSETCATALOG_COMPILER_APPICON_NAME = AppIcon;
				DEVELOPMENT_TEAM = FG8NNNY6FP;
				INFOPLIST_FILE = CoinExchange/Info.plist;
				LD_RUNPATH_SEARCH_PATHS = "$(inherited) @executable_path/Frameworks";
				PRODUCT_BUNDLE_IDENTIFIER = com.bitsonthego.1apps.CoinExchange;
				PRODUCT_NAME = "$(TARGET_NAME)";
			};
			name = Release;
		};
		98763A751F359D1500D9AC59 /* Debug */ = {
			isa = XCBuildConfiguration;
			buildSettings = {
				DEVELOPMENT_TEAM = FG8NNNY6FP;
				INFOPLIST_FILE = CoinExchangeTests/Info.plist;
				LD_RUNPATH_SEARCH_PATHS = "$(inherited) @executable_path/Frameworks @loader_path/Frameworks";
				PRODUCT_BUNDLE_IDENTIFIER = com.bitsonthego.1apps.CoinExchangeTests;
				PRODUCT_NAME = "$(TARGET_NAME)";
			};
			name = Debug;
		};
		98763A761F359D1500D9AC59 /* Release */ = {
			isa = XCBuildConfiguration;
			buildSettings = {
				DEVELOPMENT_TEAM = FG8NNNY6FP;
				INFOPLIST_FILE = CoinExchangeTests/Info.plist;
				LD_RUNPATH_SEARCH_PATHS = "$(inherited) @executable_path/Frameworks @loader_path/Frameworks";
				PRODUCT_BUNDLE_IDENTIFIER = com.bitsonthego.1apps.CoinExchangeTests;
				PRODUCT_NAME = "$(TARGET_NAME)";
			};
			name = Release;
		};
/* End XCBuildConfiguration section */

/* Begin XCConfigurationList section */
		98763A4A1F359D1500D9AC59 /* Build configuration list for PBXProject "CoinExchange" */ = {
			isa = XCConfigurationList;
			buildConfigurations = (
				98763A6F1F359D1500D9AC59 /* Debug */,
				98763A701F359D1500D9AC59 /* Release */,
			);
			defaultConfigurationIsVisible = 0;
			defaultConfigurationName = Release;
		};
		98763A711F359D1500D9AC59 /* Build configuration list for PBXNativeTarget "CoinExchange" */ = {
			isa = XCConfigurationList;
			buildConfigurations = (
				98763A721F359D1500D9AC59 /* Debug */,
				98763A731F359D1500D9AC59 /* Release */,
			);
			defaultConfigurationIsVisible = 0;
			defaultConfigurationName = Release;
		};
		98763A741F359D1500D9AC59 /* Build configuration list for PBXNativeTarget "CoinExchangeTests" */ = {
			isa = XCConfigurationList;
			buildConfigurations = (
				98763A751F359D1500D9AC59 /* Debug */,
				98763A761F359D1500D9AC59 /* Release */,
			);
			defaultConfigurationIsVisible = 0;
			defaultConfigurationName = Release;
		};
/* End XCConfigurationList section */
	};
	rootObject = 98763A471F359D1500D9AC59 /* Project object */;
}
